
Microsoft Visual Studio Solution File, Format Version 12.00
# Visual Studio Version 17
VisualStudioVersion = 17.8.34525.116
MinimumVisualStudioVersion = 10.0.40219.1
Project("{FAE04EC0-301F-11D3-BF4B-00C04F79EFBC}") = "tictactoe_", "tictactoe_\tictactoe_.csproj", "{3698F03A-7111-4EC5-BC46-E94C6C2F668A}"
EndProject
Global
	GlobalSection(SolutionConfigurationPlatforms) = preSolution
		Debug|Any CPU = Debug|Any CPU
		Release|Any CPU = Release|Any CPU
	EndGlobalSection
	GlobalSection(ProjectConfigurationPlatforms) = postSolution
		{3698F03A-7111-4EC5-BC46-E94C6C2F668A}.Debug|Any CPU.ActiveCfg = Debug|Any CPU
		{3698F03A-7111-4EC5-BC46-E94C6C2F668A}.Debug|Any CPU.Build.0 = Debug|Any CPU
		{3698F03A-7111-4EC5-BC46-E94C6C2F668A}.Release|Any CPU.ActiveCfg = Release|Any CPU
		{3698F03A-7111-4EC5-BC46-E94C6C2F668A}.Release|Any CPU.Build.0 = Release|Any CPU
	EndGlobalSection
	GlobalSection(SolutionProperties) = preSolution
		HideSolutionNode = FALSE
	EndGlobalSection
	GlobalSection(ExtensibilityGlobals) = postSolution
		SolutionGuid = {79755BBF-0552-4E01-8BDC-5206134A3827}
	EndGlobalSection
EndGlobal
